
Microsoft Visual Studio Solution File, Format Version 12.00
# Visual Studio Version 17
VisualStudioVersion = 17.5.002.0
MinimumVisualStudioVersion = 10.0.40219.1
Project("{9A19103F-16F7-4668-BE54-9A1E7A4F7556}") = "Cinema Calc", "Cinema Calc\Cinema Calc.csproj", "{C55606B7-014F-42F9-9610-E33B557FC417}"
EndProject
Global
	GlobalSection(SolutionConfigurationPlatforms) = preSolution
		Debug|Any CPU = Debug|Any CPU
		Release|Any CPU = Release|Any CPU
	EndGlobalSection
	GlobalSection(ProjectConfigurationPlatforms) = postSolution
		{C55606B7-014F-42F9-9610-E33B557FC417}.Debug|Any CPU.ActiveCfg = Debug|Any CPU
		{C55606B7-014F-42F9-9610-E33B557FC417}.Debug|Any CPU.Build.0 = Debug|Any CPU
		{C55606B7-014F-42F9-9610-E33B557FC417}.Release|Any CPU.ActiveCfg = Release|Any CPU
		{C55606B7-014F-42F9-9610-E33B557FC417}.Release|Any CPU.Build.0 = Release|Any CPU
	EndGlobalSection
	GlobalSection(SolutionProperties) = preSolution
		HideSolutionNode = FALSE
	EndGlobalSection
	GlobalSection(ExtensibilityGlobals) = postSolution
		SolutionGuid = {A9687DD7-734A-4005-9125-F2459CC2E851}
	EndGlobalSection
EndGlobal
